
Microsoft Visual Studio Solution File, Format Version 12.00
# Visual Studio Version 16
VisualStudioVersion = 16.0.31025.194
MinimumVisualStudioVersion = 10.0.40219.1
Project("{FAE04EC0-301F-11D3-BF4B-00C04F79EFBC}") = "MultiLayered-Encryptor-App", "MultiLayered-Encryptor-App\MultiLayered-Encryptor-App.csproj", "{49C4B14C-B6A6-4756-B6A4-3708647FFC4C}"
EndProject
Global
	GlobalSection(SolutionConfigurationPlatforms) = preSolution
		Debug|Any CPU = Debug|Any CPU
		Release|Any CPU = Release|Any CPU
	EndGlobalSection
	GlobalSection(ProjectConfigurationPlatforms) = postSolution
		{49C4B14C-B6A6-4756-B6A4-3708647FFC4C}.Debug|Any CPU.ActiveCfg = Debug|Any CPU
		{49C4B14C-B6A6-4756-B6A4-3708647FFC4C}.Debug|Any CPU.Build.0 = Debug|Any CPU
		{49C4B14C-B6A6-4756-B6A4-3708647FFC4C}.Release|Any CPU.ActiveCfg = Release|Any CPU
		{49C4B14C-B6A6-4756-B6A4-3708647FFC4C}.Release|Any CPU.Build.0 = Release|Any CPU
	EndGlobalSection
	GlobalSection(SolutionProperties) = preSolution
		HideSolutionNode = FALSE
	EndGlobalSection
	GlobalSection(ExtensibilityGlobals) = postSolution
		SolutionGuid = {BEF942A3-74FF-49D0-8F59-630757E897F3}
	EndGlobalSection
EndGlobal
